
Microsoft Visual Studio Solution File, Format Version 12.00
# Visual Studio Version 16
VisualStudioVersion = 16.0.31229.75
MinimumVisualStudioVersion = 10.0.40219.1
Project("{FAE04EC0-301F-11D3-BF4B-00C04F79EFBC}") = "Basic_Calculator.Android", "Basic_Calculator.Android\Basic_Calculator.Android.csproj", "{4CF0FCCF-0291-43D6-A425-863C909C51BD}"
EndProject
Project("{FAE04EC0-301F-11D3-BF4B-00C04F79EFBC}") = "Basic_Calculator.iOS", "Basic_Calculator.iOS\Basic_Calculator.iOS.csproj", "{6B1DD3C2-5F27-497C-B288-EE9A2C84FF22}"
EndProject
Project("{FAE04EC0-301F-11D3-BF4B-00C04F79EFBC}") = "Basic_Calculator", "Basic_Calculator\Basic_Calculator.csproj", "{E44C01B3-3A80-4F6A-B13C-146A68F5B4EF}"
EndProject
Global
	GlobalSection(SolutionConfigurationPlatforms) = preSolution
		Debug|Any CPU = Debug|Any CPU
		Debug|iPhone = Debug|iPhone
		Debug|iPhoneSimulator = Debug|iPhoneSimulator
		Release|Any CPU = Release|Any CPU
		Release|iPhone = Release|iPhone
		Release|iPhoneSimulator = Release|iPhoneSimulator
	EndGlobalSection
	GlobalSection(ProjectConfigurationPlatforms) = postSolution
		{4CF0FCCF-0291-43D6-A425-863C909C51BD}.Debug|Any CPU.ActiveCfg = Debug|Any CPU
		{4CF0FCCF-0291-43D6-A425-863C909C51BD}.Debug|Any CPU.Build.0 = Debug|Any CPU
		{4CF0FCCF-0291-43D6-A425-863C909C51BD}.Debug|Any CPU.Deploy.0 = Debug|Any CPU
		{4CF0FCCF-0291-43D6-A425-863C909C51BD}.Debug|iPhone.ActiveCfg = Debug|Any CPU
		{4CF0FCCF-0291-43D6-A425-863C909C51BD}.Debug|iPhone.Build.0 = Debug|Any CPU
		{4CF0FCCF-0291-43D6-A425-863C909C51BD}.Debug|iPhone.Deploy.0 = Debug|Any CPU
		{4CF0FCCF-0291-43D6-A425-863C909C51BD}.Debug|iPhoneSimulator.ActiveCfg = Debug|Any CPU
		{4CF0FCCF-0291-43D6-A425-863C909C51BD}.Debug|iPhoneSimulator.Build.0 = Debug|Any CPU
		{4CF0FCCF-0291-43D6-A425-863C909C51BD}.Debug|iPhoneSimulator.Deploy.0 = Debug|Any CPU
		{4CF0FCCF-0291-43D6-A425-863C909C51BD}.Release|Any CPU.ActiveCfg = Release|Any CPU
		{4CF0FCCF-0291-43D6-A425-863C909C51BD}.Release|Any CPU.Build.0 = Release|Any CPU
		{4CF0FCCF-0291-43D6-A425-863C909C51BD}.Release|Any CPU.Deploy.0 = Release|Any CPU
		{4CF0FCCF-0291-43D6-A425-863C909C51BD}.Release|iPhone.ActiveCfg = Release|Any CPU
		{4CF0FCCF-0291-43D6-A425-863C909C51BD}.Release|iPhone.Build.0 = Release|Any CPU
		{4CF0FCCF-0291-43D6-A425-863C909C51BD}.Release|iPhone.Deploy.0 = Release|Any CPU
		{4CF0FCCF-0291-43D6-A425-863C909C51BD}.Release|iPhoneSimulator.ActiveCfg = Release|Any CPU
		{4CF0FCCF-0291-43D6-A425-863C909C51BD}.Release|iPhoneSimulator.Build.0 = Release|Any CPU
		{4CF0FCCF-0291-43D6-A425-863C909C51BD}.Release|iPhoneSimulator.Deploy.0 = Release|Any CPU
		{6B1DD3C2-5F27-497C-B288-EE9A2C84FF22}.Debug|Any CPU.ActiveCfg = Debug|iPhone
		{6B1DD3C2-5F27-497C-B288-EE9A2C84FF22}.Debug|Any CPU.Build.0 = Debug|iPhone
		{6B1DD3C2-5F27-497C-B288-EE9A2C84FF22}.Debug|Any CPU.Deploy.0 = Debug|iPhone
		{6B1DD3C2-5F27-497C-B288-EE9A2C84FF22}.Debug|iPhone.ActiveCfg = Debug|iPhone
		{6B1DD3C2-5F27-497C-B288-EE9A2C84FF22}.Debug|iPhone.Build.0 = Debug|iPhone
		{6B1DD3C2-5F27-497C-B288-EE9A2C84FF22}.Debug|iPhone.Deploy.0 = Debug|iPhone
		{6B1DD3C2-5F27-497C-B288-EE9A2C84FF22}.Debug|iPhoneSimulator.ActiveCfg = Debug|iPhoneSimulator
		{6B1DD3C2-5F27-497C-B288-EE9A2C84FF22}.Debug|iPhoneSimulator.Build.0 = Debug|iPhoneSimulator
		{6B1DD3C2-5F27-497C-B288-EE9A2C84FF22}.Debug|iPhoneSimulator.Deploy.0 = Debug|iPhoneSimulator
		{6B1DD3C2-5F27-497C-B288-EE9A2C84FF22}.Release|Any CPU.ActiveCfg = Release|iPhoneSimulator
		{6B1DD3C2-5F27-497C-B288-EE9A2C84FF22}.Release|Any CPU.Build.0 = Release|iPhoneSimulator
		{6B1DD3C2-5F27-497C-B288-EE9A2C84FF22}.Release|Any CPU.Deploy.0 = Release|iPhoneSimulator
		{6B1DD3C2-5F27-497C-B288-EE9A2C84FF22}.Release|iPhone.ActiveCfg = Release|iPhone
		{6B1DD3C2-5F27-497C-B288-EE9A2C84FF22}.Release|iPhone.Build.0 = Release|iPhone
		{6B1DD3C2-5F27-497C-B288-EE9A2C84FF22}.Release|iPhone.Deploy.0 = Release|iPhone
		{6B1DD3C2-5F27-497C-B288-EE9A2C84FF22}.Release|iPhoneSimulator.ActiveCfg = Release|iPhoneSimulator
		{6B1DD3C2-5F27-497C-B288-EE9A2C84FF22}.Release|iPhoneSimulator.Build.0 = Release|iPhoneSimulator
		{6B1DD3C2-5F27-497C-B288-EE9A2C84FF22}.Release|iPhoneSimulator.Deploy.0 = Release|iPhoneSimulator
		{E44C01B3-3A80-4F6A-B13C-146A68F5B4EF}.Debug|Any CPU.ActiveCfg = Debug|Any CPU
		{E44C01B3-3A80-4F6A-B13C-146A68F5B4EF}.Debug|Any CPU.Build.0 = Debug|Any CPU
		{E44C01B3-3A80-4F6A-B13C-146A68F5B4EF}.Debug|Any CPU.Deploy.0 = Debug|Any CPU
		{E44C01B3-3A80-4F6A-B13C-146A68F5B4EF}.Debug|iPhone.ActiveCfg = Debug|Any CPU
		{E44C01B3-3A80-4F6A-B13C-146A68F5B4EF}.Debug|iPhone.Build.0 = Debug|Any CPU
		{E44C01B3-3A80-4F6A-B13C-146A68F5B4EF}.Debug|iPhone.Deploy.0 = Debug|Any CPU
		{E44C01B3-3A80-4F6A-B13C-146A68F5B4EF}.Debug|iPhoneSimulator.ActiveCfg = Debug|Any CPU
		{E44C01B3-3A80-4F6A-B13C-146A68F5B4EF}.Debug|iPhoneSimulator.Build.0 = Debug|Any CPU
		{E44C01B3-3A80-4F6A-B13C-146A68F5B4EF}.Debug|iPhoneSimulator.Deploy.0 = Debug|Any CPU
		{E44C01B3-3A80-4F6A-B13C-146A68F5B4EF}.Release|Any CPU.ActiveCfg = Release|Any CPU
		{E44C01B3-3A80-4F6A-B13C-146A68F5B4EF}.Release|Any CPU.Build.0 = Release|Any CPU
		{E44C01B3-3A80-4F6A-B13C-146A68F5B4EF}.Release|Any CPU.Deploy.0 = Release|Any CPU
		{E44C01B3-3A80-4F6A-B13C-146A68F5B4EF}.Release|iPhone.ActiveCfg = Release|Any CPU
		{E44C01B3-3A80-4F6A-B13C-146A68F5B4EF}.Release|iPhone.Build.0 = Release|Any CPU
		{E44C01B3-3A80-4F6A-B13C-146A68F5B4EF}.Release|iPhone.Deploy.0 = Release|Any CPU
		{E44C01B3-3A80-4F6A-B13C-146A68F5B4EF}.Release|iPhoneSimulator.ActiveCfg = Release|Any CPU
		{E44C01B3-3A80-4F6A-B13C-146A68F5B4EF}.Release|iPhoneSimulator.Build.0 = Release|Any CPU
		{E44C01B3-3A80-4F6A-B13C-146A68F5B4EF}.Release|iPhoneSimulator.Deploy.0 = Release|Any CPU
	EndGlobalSection
	GlobalSection(SolutionProperties) = preSolution
		HideSolutionNode = FALSE
	EndGlobalSection
	GlobalSection(ExtensibilityGlobals) = postSolution
		SolutionGuid = {601E36BA-6E8E-44FE-AF08-87E35648B48A}
	EndGlobalSection
EndGlobal
